
Microsoft Visual Studio Solution File, Format Version 12.00
# Visual Studio Version 17
VisualStudioVersion = 17.1.32414.318
MinimumVisualStudioVersion = 10.0.40219.1
Project("{9A19103F-16F7-4668-BE54-9A1E7A4F7556}") = "MultiplesOf3Or5", "MultiplesOf3Or5\MultiplesOf3Or5.csproj", "{8B2C46A7-F069-415C-A5BE-8882F635EB2C}"
EndProject
Project("{9A19103F-16F7-4668-BE54-9A1E7A4F7556}") = "BinaryAddition", "BinaryAddition\BinaryAddition.csproj", "{36004B86-AC0E-44E6-BECE-3AFE193CE0C7}"
EndProject
Project("{FAE04EC0-301F-11D3-BF4B-00C04F79EFBC}") = "MexicanWave", "BuildTower\MexicanWave.csproj", "{C694115B-1EA9-4E65-BDDD-54B8712C15DE}"
EndProject
Global
	GlobalSection(SolutionConfigurationPlatforms) = preSolution
		Debug|Any CPU = Debug|Any CPU
		Release|Any CPU = Release|Any CPU
	EndGlobalSection
	GlobalSection(ProjectConfigurationPlatforms) = postSolution
		{8B2C46A7-F069-415C-A5BE-8882F635EB2C}.Debug|Any CPU.ActiveCfg = Debug|Any CPU
		{8B2C46A7-F069-415C-A5BE-8882F635EB2C}.Debug|Any CPU.Build.0 = Debug|Any CPU
		{8B2C46A7-F069-415C-A5BE-8882F635EB2C}.Release|Any CPU.ActiveCfg = Release|Any CPU
		{8B2C46A7-F069-415C-A5BE-8882F635EB2C}.Release|Any CPU.Build.0 = Release|Any CPU
		{36004B86-AC0E-44E6-BECE-3AFE193CE0C7}.Debug|Any CPU.ActiveCfg = Debug|Any CPU
		{36004B86-AC0E-44E6-BECE-3AFE193CE0C7}.Debug|Any CPU.Build.0 = Debug|Any CPU
		{36004B86-AC0E-44E6-BECE-3AFE193CE0C7}.Release|Any CPU.ActiveCfg = Release|Any CPU
		{36004B86-AC0E-44E6-BECE-3AFE193CE0C7}.Release|Any CPU.Build.0 = Release|Any CPU
		{C694115B-1EA9-4E65-BDDD-54B8712C15DE}.Debug|Any CPU.ActiveCfg = Debug|Any CPU
		{C694115B-1EA9-4E65-BDDD-54B8712C15DE}.Debug|Any CPU.Build.0 = Debug|Any CPU
		{C694115B-1EA9-4E65-BDDD-54B8712C15DE}.Release|Any CPU.ActiveCfg = Release|Any CPU
		{C694115B-1EA9-4E65-BDDD-54B8712C15DE}.Release|Any CPU.Build.0 = Release|Any CPU
	EndGlobalSection
	GlobalSection(SolutionProperties) = preSolution
		HideSolutionNode = FALSE
	EndGlobalSection
	GlobalSection(ExtensibilityGlobals) = postSolution
		SolutionGuid = {ACBA48AA-E7F4-44BF-8159-A164D7CB6145}
	EndGlobalSection
EndGlobal
